
Microsoft Visual Studio Solution File, Format Version 12.00
# Visual Studio Version 17
VisualStudioVersion = 17.9.34622.214
MinimumVisualStudioVersion = 10.0.40219.1
Project("{9A19103F-16F7-4668-BE54-9A1E7A4F7556}") = "ozstrips", "ozstrips.csproj", "{BF935CA5-9313-4585-A51F-601C9A923446}"
EndProject
Project("{FAE04EC0-301F-11D3-BF4B-00C04F79EFBC}") = "OzStripsGUI", "..\OzStripsGUI\OzStripsGUI.csproj", "{93CE671F-FF82-4149-BD52-32BC15120384}"
EndProject
Global
	GlobalSection(SolutionConfigurationPlatforms) = preSolution
		Debug|Any CPU = Debug|Any CPU
		Release|Any CPU = Release|Any CPU
	EndGlobalSection
	GlobalSection(ProjectConfigurationPlatforms) = postSolution
		{BF935CA5-9313-4585-A51F-601C9A923446}.Debug|Any CPU.ActiveCfg = Debug|Any CPU
		{BF935CA5-9313-4585-A51F-601C9A923446}.Debug|Any CPU.Build.0 = Debug|Any CPU
		{BF935CA5-9313-4585-A51F-601C9A923446}.Release|Any CPU.ActiveCfg = Release|Any CPU
		{BF935CA5-9313-4585-A51F-601C9A923446}.Release|Any CPU.Build.0 = Release|Any CPU
		{93CE671F-FF82-4149-BD52-32BC15120384}.Debug|Any CPU.ActiveCfg = Debug|Any CPU
		{93CE671F-FF82-4149-BD52-32BC15120384}.Debug|Any CPU.Build.0 = Debug|Any CPU
		{93CE671F-FF82-4149-BD52-32BC15120384}.Release|Any CPU.ActiveCfg = Release|Any CPU
		{93CE671F-FF82-4149-BD52-32BC15120384}.Release|Any CPU.Build.0 = Release|Any CPU
	EndGlobalSection
	GlobalSection(SolutionProperties) = preSolution
		HideSolutionNode = FALSE
	EndGlobalSection
	GlobalSection(ExtensibilityGlobals) = postSolution
		SolutionGuid = {D99C0C63-2162-455A-8FDC-8217A5A42223}
	EndGlobalSection
EndGlobal
